// !$*UTF8*$!
{
	archiveVersion = 1;
	classes = {
	};
	objectVersion = 46;
	objects = {

/* Begin PBXBuildFile section */
		B150EFDE1ACD6F6A00D18AAB /* blackpink.png in Resources */ = {isa = PBXBuildFile; fileRef = B150EFDC1ACD6F6A00D18AAB /* blackpink.png */; };
		B150EFDF1ACD6F6A00D18AAB /* wood.png in Resources */ = {isa = PBXBuildFile; fileRef = B150EFDD1ACD6F6A00D18AAB /* wood.png */; };
		B150EFE11ACD78E600D18AAB /* MessageUI.framework in Frameworks */ = {isa = PBXBuildFile; fileRef = B150EFE01ACD78E600D18AAB /* MessageUI.framework */; };
		B150EFE31ACD78F700D18AAB /* ImageIO.framework in Frameworks */ = {isa = PBXBuildFile; fileRef = B150EFE21ACD78F700D18AAB /* ImageIO.framework */; };
		B150EFE51ACD790400D18AAB /* QuartzCore.framework in Frameworks */ = {isa = PBXBuildFile; fileRef = B150EFE41ACD790400D18AAB /* QuartzCore.framework */; };
		B150EFE71ACD790C00D18AAB /* UIKit.framework in Frameworks */ = {isa = PBXBuildFile; fileRef = B150EFE61ACD790C00D18AAB /* UIKit.framework */; };
		B150EFE91ACD791600D18AAB /* Foundation.framework in Frameworks */ = {isa = PBXBuildFile; fileRef = B150EFE81ACD791600D18AAB /* Foundation.framework */; };
		B150EFEB1ACD792300D18AAB /* CoreGraphics.framework in Frameworks */ = {isa = PBXBuildFile; fileRef = B150EFEA1ACD792300D18AAB /* CoreGraphics.framework */; };
		B150F01D1ACD79B900D18AAB /* ReaderAppDelegate.m in Sources */ = {isa = PBXBuildFile; fileRef = B150EFEF1ACD79B900D18AAB /* ReaderAppDelegate.m */; };
		B150F01E1ACD79B900D18AAB /* ReaderBookDelegate.m in Sources */ = {isa = PBXBuildFile; fileRef = B150EFF11ACD79B900D18AAB /* ReaderBookDelegate.m */; };
		B150F01F1ACD79B900D18AAB /* ReaderDemoController.m in Sources */ = {isa = PBXBuildFile; fileRef = B150EFF31ACD79B900D18AAB /* ReaderDemoController.m */; };
		B150F0201ACD79B900D18AAB /* CGPDFDocument.m in Sources */ = {isa = PBXBuildFile; fileRef = B150EFF61ACD79B900D18AAB /* CGPDFDocument.m */; };
		B150F0211ACD79B900D18AAB /* ReaderConstants.m in Sources */ = {isa = PBXBuildFile; fileRef = B150EFF81ACD79B900D18AAB /* ReaderConstants.m */; };
		B150F0221ACD79B900D18AAB /* ReaderContentPage.m in Sources */ = {isa = PBXBuildFile; fileRef = B150EFFA1ACD79B900D18AAB /* ReaderContentPage.m */; };
		B150F0231ACD79B900D18AAB /* ReaderContentTile.m in Sources */ = {isa = PBXBuildFile; fileRef = B150EFFC1ACD79B900D18AAB /* ReaderContentTile.m */; };
		B150F0241ACD79B900D18AAB /* ReaderContentView.m in Sources */ = {isa = PBXBuildFile; fileRef = B150EFFE1ACD79B900D18AAB /* ReaderContentView.m */; };
		B150F0251ACD79B900D18AAB /* ReaderDocument.m in Sources */ = {isa = PBXBuildFile; fileRef = B150F0001ACD79B900D18AAB /* ReaderDocument.m */; };
		B150F0261ACD79B900D18AAB /* ReaderDocumentOutline.m in Sources */ = {isa = PBXBuildFile; fileRef = B150F0021ACD79B900D18AAB /* ReaderDocumentOutline.m */; };
		B150F0271ACD79B900D18AAB /* ReaderMainPagebar.m in Sources */ = {isa = PBXBuildFile; fileRef = B150F0041ACD79B900D18AAB /* ReaderMainPagebar.m */; };
		B150F0281ACD79B900D18AAB /* ReaderMainToolbar.m in Sources */ = {isa = PBXBuildFile; fileRef = B150F0061ACD79B900D18AAB /* ReaderMainToolbar.m */; };
		B150F0291ACD79B900D18AAB /* ReaderThumbCache.m in Sources */ = {isa = PBXBuildFile; fileRef = B150F0081ACD79B900D18AAB /* ReaderThumbCache.m */; };
		B150F02A1ACD79B900D18AAB /* ReaderThumbFetch.m in Sources */ = {isa = PBXBuildFile; fileRef = B150F00A1ACD79B900D18AAB /* ReaderThumbFetch.m */; };
		B150F02B1ACD79B900D18AAB /* ReaderThumbQueue.m in Sources */ = {isa = PBXBuildFile; fileRef = B150F00C1ACD79B900D18AAB /* ReaderThumbQueue.m */; };
		B150F02C1ACD79B900D18AAB /* ReaderThumbRender.m in Sources */ = {isa = PBXBuildFile; fileRef = B150F00E1ACD79B900D18AAB /* ReaderThumbRender.m */; };
		B150F02D1ACD79B900D18AAB /* ReaderThumbRequest.m in Sources */ = {isa = PBXBuildFile; fileRef = B150F0101ACD79B900D18AAB /* ReaderThumbRequest.m */; };
		B150F02E1ACD79B900D18AAB /* ReaderThumbsView.m in Sources */ = {isa = PBXBuildFile; fileRef = B150F0121ACD79B900D18AAB /* ReaderThumbsView.m */; };
		B150F02F1ACD79B900D18AAB /* ReaderThumbView.m in Sources */ = {isa = PBXBuildFile; fileRef = B150F0141ACD79B900D18AAB /* ReaderThumbView.m */; };
		B150F0301ACD79B900D18AAB /* ReaderViewController.m in Sources */ = {isa = PBXBuildFile; fileRef = B150F0161ACD79B900D18AAB /* ReaderViewController.m */; };
		B150F0311ACD79B900D18AAB /* ThumbsMainToolbar.m in Sources */ = {isa = PBXBuildFile; fileRef = B150F0181ACD79B900D18AAB /* ThumbsMainToolbar.m */; };
		B150F0321ACD79B900D18AAB /* ThumbsViewController.m in Sources */ = {isa = PBXBuildFile; fileRef = B150F01A1ACD79B900D18AAB /* ThumbsViewController.m */; };
		B150F0331ACD79B900D18AAB /* UIXToolbarView.m in Sources */ = {isa = PBXBuildFile; fileRef = B150F01C1ACD79B900D18AAB /* UIXToolbarView.m */; };
		B150F0361ACD7CD300D18AAB /* MXWPDFViewController.m in Sources */ = {isa = PBXBuildFile; fileRef = B150F0351ACD7CD300D18AAB /* MXWPDFViewController.m */; };
		B157E5D71ACB3C1F004E0E8C /* MXWBookViewController.m in Sources */ = {isa = PBXBuildFile; fileRef = B157E5D51ACB3C1F004E0E8C /* MXWBookViewController.m */; };
		B157E5D81ACB3C1F004E0E8C /* MXWBookViewController.xib in Resources */ = {isa = PBXBuildFile; fileRef = B157E5D61ACB3C1F004E0E8C /* MXWBookViewController.xib */; };
		B157E5DB1ACB4D48004E0E8C /* starOff.png in Resources */ = {isa = PBXBuildFile; fileRef = B157E5D91ACB4D48004E0E8C /* starOff.png */; };
		B157E5DC1ACB4D48004E0E8C /* starOn.png in Resources */ = {isa = PBXBuildFile; fileRef = B157E5DA1ACB4D48004E0E8C /* starOn.png */; };
		B17F238C1AC6D34C00984AF4 /* main.m in Sources */ = {isa = PBXBuildFile; fileRef = B17F238B1AC6D34C00984AF4 /* main.m */; };
		B17F238F1AC6D34C00984AF4 /* AppDelegate.m in Sources */ = {isa = PBXBuildFile; fileRef = B17F238E1AC6D34C00984AF4 /* AppDelegate.m */; };
		B17F23971AC6D34C00984AF4 /* Images.xcassets in Resources */ = {isa = PBXBuildFile; fileRef = B17F23961AC6D34C00984AF4 /* Images.xcassets */; };
		B17F239A1AC6D34C00984AF4 /* LaunchScreen.xib in Resources */ = {isa = PBXBuildFile; fileRef = B17F23981AC6D34C00984AF4 /* LaunchScreen.xib */; };
		B17F23A61AC6D34C00984AF4 /* HbookTests.m in Sources */ = {isa = PBXBuildFile; fileRef = B17F23A51AC6D34C00984AF4 /* HbookTests.m */; };
		B17F23B11AC6D49D00984AF4 /* MXWBook.m in Sources */ = {isa = PBXBuildFile; fileRef = B17F23B01AC6D49D00984AF4 /* MXWBook.m */; };
		B17F23B51AC6D9DB00984AF4 /* MXWLibrary.m in Sources */ = {isa = PBXBuildFile; fileRef = B17F23B41AC6D9DB00984AF4 /* MXWLibrary.m */; };
		B1981EED1AC86B4F004960DE /* MXWLibraryTableViewController.m in Sources */ = {isa = PBXBuildFile; fileRef = B1981EEC1AC86B4F004960DE /* MXWLibraryTableViewController.m */; };
/* End PBXBuildFile section */

/* Begin PBXContainerItemProxy section */
		B17F23A01AC6D34C00984AF4 /* PBXContainerItemProxy */ = {
			isa = PBXContainerItemProxy;
			containerPortal = B17F237E1AC6D34C00984AF4 /* Project object */;
			proxyType = 1;
			remoteGlobalIDString = B17F23851AC6D34C00984AF4;
			remoteInfo = Hbook;
		};
/* End PBXContainerItemProxy section */

/* Begin PBXFileReference section */
		B150EFDC1ACD6F6A00D18AAB /* blackpink.png */ = {isa = PBXFileReference; lastKnownFileType = image.png; path = blackpink.png; sourceTree = "<group>"; };
		B150EFDD1ACD6F6A00D18AAB /* wood.png */ = {isa = PBXFileReference; lastKnownFileType = image.png; path = wood.png; sourceTree = "<group>"; };
		B150EFE01ACD78E600D18AAB /* MessageUI.framework */ = {isa = PBXFileReference; lastKnownFileType = wrapper.framework; name = MessageUI.framework; path = System/Library/Frameworks/MessageUI.framework; sourceTree = SDKROOT; };
		B150EFE21ACD78F700D18AAB /* ImageIO.framework */ = {isa = PBXFileReference; lastKnownFileType = wrapper.framework; name = ImageIO.framework; path = System/Library/Frameworks/ImageIO.framework; sourceTree = SDKROOT; };
		B150EFE41ACD790400D18AAB /* QuartzCore.framework */ = {isa = PBXFileReference; lastKnownFileType = wrapper.framework; name = QuartzCore.framework; path = System/Library/Frameworks/QuartzCore.framework; sourceTree = SDKROOT; };
		B150EFE61ACD790C00D18AAB /* UIKit.framework */ = {isa = PBXFileReference; lastKnownFileType = wrapper.framework; name = UIKit.framework; path = System/Library/Frameworks/UIKit.framework; sourceTree = SDKROOT; };
		B150EFE81ACD791600D18AAB /* Foundation.framework */ = {isa = PBXFileReference; lastKnownFileType = wrapper.framework; name = Foundation.framework; path = System/Library/Frameworks/Foundation.framework; sourceTree = SDKROOT; };
		B150EFEA1ACD792300D18AAB /* CoreGraphics.framework */ = {isa = PBXFileReference; lastKnownFileType = wrapper.framework; name = CoreGraphics.framework; path = System/Library/Frameworks/CoreGraphics.framework; sourceTree = SDKROOT; };
		B150EFEE1ACD79B900D18AAB /* ReaderAppDelegate.h */ = {isa = PBXFileReference; fileEncoding = 4; lastKnownFileType = sourcecode.c.h; path = ReaderAppDelegate.h; sourceTree = "<group>"; };
		B150EFEF1ACD79B900D18AAB /* ReaderAppDelegate.m */ = {isa = PBXFileReference; fileEncoding = 4; lastKnownFileType = sourcecode.c.objc; path = ReaderAppDelegate.m; sourceTree = "<group>"; };
		B150EFF01ACD79B900D18AAB /* ReaderBookDelegate.h */ = {isa = PBXFileReference; fileEncoding = 4; lastKnownFileType = sourcecode.c.h; path = ReaderBookDelegate.h; sourceTree = "<group>"; };
		B150EFF11ACD79B900D18AAB /* ReaderBookDelegate.m */ = {isa = PBXFileReference; fileEncoding = 4; lastKnownFileType = sourcecode.c.objc; path = ReaderBookDelegate.m; sourceTree = "<group>"; };
		B150EFF21ACD79B900D18AAB /* ReaderDemoController.h */ = {isa = PBXFileReference; fileEncoding = 4; lastKnownFileType = sourcecode.c.h; path = ReaderDemoController.h; sourceTree = "<group>"; };
		B150EFF31ACD79B900D18AAB /* ReaderDemoController.m */ = {isa = PBXFileReference; fileEncoding = 4; lastKnownFileType = sourcecode.c.objc; path = ReaderDemoController.m; sourceTree = "<group>"; };
		B150EFF51ACD79B900D18AAB /* CGPDFDocument.h */ = {isa = PBXFileReference; fileEncoding = 4; lastKnownFileType = sourcecode.c.h; path = CGPDFDocument.h; sourceTree = "<group>"; };
		B150EFF61ACD79B900D18AAB /* CGPDFDocument.m */ = {isa = PBXFileReference; fileEncoding = 4; lastKnownFileType = sourcecode.c.objc; path = CGPDFDocument.m; sourceTree = "<group>"; };
		B150EFF71ACD79B900D18AAB /* ReaderConstants.h */ = {isa = PBXFileReference; fileEncoding = 4; lastKnownFileType = sourcecode.c.h; path = ReaderConstants.h; sourceTree = "<group>"; };
		B150EFF81ACD79B900D18AAB /* ReaderConstants.m */ = {isa = PBXFileReference; fileEncoding = 4; lastKnownFileType = sourcecode.c.objc; path = ReaderConstants.m; sourceTree = "<group>"; };
		B150EFF91ACD79B900D18AAB /* ReaderContentPage.h */ = {isa = PBXFileReference; fileEncoding = 4; lastKnownFileType = sourcecode.c.h; path = ReaderContentPage.h; sourceTree = "<group>"; };
		B150EFFA1ACD79B900D18AAB /* ReaderContentPage.m */ = {isa = PBXFileReference; fileEncoding = 4; lastKnownFileType = sourcecode.c.objc; path = ReaderContentPage.m; sourceTree = "<group>"; };
		B150EFFB1ACD79B900D18AAB /* ReaderContentTile.h */ = {isa = PBXFileReference; fileEncoding = 4; lastKnownFileType = sourcecode.c.h; path = ReaderContentTile.h; sourceTree = "<group>"; };
		B150EFFC1ACD79B900D18AAB /* ReaderContentTile.m */ = {isa = PBXFileReference; fileEncoding = 4; lastKnownFileType = sourcecode.c.objc; path = ReaderContentTile.m; sourceTree = "<group>"; };
		B150EFFD1ACD79B900D18AAB /* ReaderContentView.h */ = {isa = PBXFileReference; fileEncoding = 4; lastKnownFileType = sourcecode.c.h; path = ReaderContentView.h; sourceTree = "<group>"; };
		B150EFFE1ACD79B900D18AAB /* ReaderContentView.m */ = {isa = PBXFileReference; fileEncoding = 4; lastKnownFileType = sourcecode.c.objc; path = ReaderContentView.m; sourceTree = "<group>"; };
		B150EFFF1ACD79B900D18AAB /* ReaderDocument.h */ = {isa = PBXFileReference; fileEncoding = 4; lastKnownFileType = sourcecode.c.h; path = ReaderDocument.h; sourceTree = "<group>"; };
		B150F0001ACD79B900D18AAB /* ReaderDocument.m */ = {isa = PBXFileReference; fileEncoding = 4; lastKnownFileType = sourcecode.c.objc; path = ReaderDocument.m; sourceTree = "<group>"; };
		B150F0011ACD79B900D18AAB /* ReaderDocumentOutline.h */ = {isa = PBXFileReference; fileEncoding = 4; lastKnownFileType = sourcecode.c.h; path = ReaderDocumentOutline.h; sourceTree = "<group>"; };
		B150F0021ACD79B900D18AAB /* ReaderDocumentOutline.m */ = {isa = PBXFileReference; fileEncoding = 4; lastKnownFileType = sourcecode.c.objc; path = ReaderDocumentOutline.m; sourceTree = "<group>"; };
		B150F0031ACD79B900D18AAB /* ReaderMainPagebar.h */ = {isa = PBXFileReference; fileEncoding = 4; lastKnownFileType = sourcecode.c.h; path = ReaderMainPagebar.h; sourceTree = "<group>"; };
		B150F0041ACD79B900D18AAB /* ReaderMainPagebar.m */ = {isa = PBXFileReference; fileEncoding = 4; lastKnownFileType = sourcecode.c.objc; path = ReaderMainPagebar.m; sourceTree = "<group>"; };
		B150F0051ACD79B900D18AAB /* ReaderMainToolbar.h */ = {isa = PBXFileReference; fileEncoding = 4; lastKnownFileType = sourcecode.c.h; path = ReaderMainToolbar.h; sourceTree = "<group>"; };
		B150F0061ACD79B900D18AAB /* ReaderMainToolbar.m */ = {isa = PBXFileReference; fileEncoding = 4; lastKnownFileType = sourcecode.c.objc; path = ReaderMainToolbar.m; sourceTree = "<group>"; };
		B150F0071ACD79B900D18AAB /* ReaderThumbCache.h */ = {isa = PBXFileReference; fileEncoding = 4; lastKnownFileType = sourcecode.c.h; path = ReaderThumbCache.h; sourceTree = "<group>"; };
		B150F0081ACD79B900D18AAB /* ReaderThumbCache.m */ = {isa = PBXFileReference; fileEncoding = 4; lastKnownFileType = sourcecode.c.objc; path = ReaderThumbCache.m; sourceTree = "<group>"; };
		B150F0091ACD79B900D18AAB /* ReaderThumbFetch.h */ = {isa = PBXFileReference; fileEncoding = 4; lastKnownFileType = sourcecode.c.h; path = ReaderThumbFetch.h; sourceTree = "<group>"; };
		B150F00A1ACD79B900D18AAB /* ReaderThumbFetch.m */ = {isa = PBXFileReference; fileEncoding = 4; lastKnownFileType = sourcecode.c.objc; path = ReaderThumbFetch.m; sourceTree = "<group>"; };
		B150F00B1ACD79B900D18AAB /* ReaderThumbQueue.h */ = {isa = PBXFileReference; fileEncoding = 4; lastKnownFileType = sourcecode.c.h; path = ReaderThumbQueue.h; sourceTree = "<group>"; };
		B150F00C1ACD79B900D18AAB /* ReaderThumbQueue.m */ = {isa = PBXFileReference; fileEncoding = 4; lastKnownFileType = sourcecode.c.objc; path = ReaderThumbQueue.m; sourceTree = "<group>"; };
		B150F00D1ACD79B900D18AAB /* ReaderThumbRender.h */ = {isa = PBXFileReference; fileEncoding = 4; lastKnownFileType = sourcecode.c.h; path = ReaderThumbRender.h; sourceTree = "<group>"; };
		B150F00E1ACD79B900D18AAB /* ReaderThumbRender.m */ = {isa = PBXFileReference; fileEncoding = 4; lastKnownFileType = sourcecode.c.objc; path = ReaderThumbRender.m; sourceTree = "<group>"; };
		B150F00F1ACD79B900D18AAB /* ReaderThumbRequest.h */ = {isa = PBXFileReference; fileEncoding = 4; lastKnownFileType = sourcecode.c.h; path = ReaderThumbRequest.h; sourceTree = "<group>"; };
		B150F0101ACD79B900D18AAB /* ReaderThumbRequest.m */ = {isa = PBXFileReference; fileEncoding = 4; lastKnownFileType = sourcecode.c.objc; path = ReaderThumbRequest.m; sourceTree = "<group>"; };
		B150F0111ACD79B900D18AAB /* ReaderThumbsView.h */ = {isa = PBXFileReference; fileEncoding = 4; lastKnownFileType = sourcecode.c.h; path = ReaderThumbsView.h; sourceTree = "<group>"; };
		B150F0121ACD79B900D18AAB /* ReaderThumbsView.m */ = {isa = PBXFileReference; fileEncoding = 4; lastKnownFileType = sourcecode.c.objc; path = ReaderThumbsView.m; sourceTree = "<group>"; };
		B150F0131ACD79B900D18AAB /* ReaderThumbView.h */ = {isa = PBXFileReference; fileEncoding = 4; lastKnownFileType = sourcecode.c.h; path = ReaderThumbView.h; sourceTree = "<group>"; };
		B150F0141ACD79B900D18AAB /* ReaderThumbView.m */ = {isa = PBXFileReference; fileEncoding = 4; lastKnownFileType = sourcecode.c.objc; path = ReaderThumbView.m; sourceTree = "<group>"; };
		B150F0151ACD79B900D18AAB /* ReaderViewController.h */ = {isa = PBXFileReference; fileEncoding = 4; lastKnownFileType = sourcecode.c.h; path = ReaderViewController.h; sourceTree = "<group>"; };
		B150F0161ACD79B900D18AAB /* ReaderViewController.m */ = {isa = PBXFileReference; fileEncoding = 4; lastKnownFileType = sourcecode.c.objc; path = ReaderViewController.m; sourceTree = "<group>"; };
		B150F0171ACD79B900D18AAB /* ThumbsMainToolbar.h */ = {isa = PBXFileReference; fileEncoding = 4; lastKnownFileType = sourcecode.c.h; path = ThumbsMainToolbar.h; sourceTree = "<group>"; };
		B150F0181ACD79B900D18AAB /* ThumbsMainToolbar.m */ = {isa = PBXFileReference; fileEncoding = 4; lastKnownFileType = sourcecode.c.objc; path = ThumbsMainToolbar.m; sourceTree = "<group>"; };
		B150F0191ACD79B900D18AAB /* ThumbsViewController.h */ = {isa = PBXFileReference; fileEncoding = 4; lastKnownFileType = sourcecode.c.h; path = ThumbsViewController.h; sourceTree = "<group>"; };
		B150F01A1ACD79B900D18AAB /* ThumbsViewController.m */ = {isa = PBXFileReference; fileEncoding = 4; lastKnownFileType = sourcecode.c.objc; path = ThumbsViewController.m; sourceTree = "<group>"; };
		B150F01B1ACD79B900D18AAB /* UIXToolbarView.h */ = {isa = PBXFileReference; fileEncoding = 4; lastKnownFileType = sourcecode.c.h; path = UIXToolbarView.h; sourceTree = "<group>"; };
		B150F01C1ACD79B900D18AAB /* UIXToolbarView.m */ = {isa = PBXFileReference; fileEncoding = 4; lastKnownFileType = sourcecode.c.objc; path = UIXToolbarView.m; sourceTree = "<group>"; };
		B150F0341ACD7CD300D18AAB /* MXWPDFViewController.h */ = {isa = PBXFileReference; fileEncoding = 4; lastKnownFileType = sourcecode.c.h; path = MXWPDFViewController.h; sourceTree = "<group>"; };
		B150F0351ACD7CD300D18AAB /* MXWPDFViewController.m */ = {isa = PBXFileReference; fileEncoding = 4; lastKnownFileType = sourcecode.c.objc; path = MXWPDFViewController.m; sourceTree = "<group>"; };
		B157E5D41ACB3C1F004E0E8C /* MXWBookViewController.h */ = {isa = PBXFileReference; fileEncoding = 4; lastKnownFileType = sourcecode.c.h; path = MXWBookViewController.h; sourceTree = "<group>"; };
		B157E5D51ACB3C1F004E0E8C /* MXWBookViewController.m */ = {isa = PBXFileReference; fileEncoding = 4; lastKnownFileType = sourcecode.c.objc; path = MXWBookViewController.m; sourceTree = "<group>"; };
		B157E5D61ACB3C1F004E0E8C /* MXWBookViewController.xib */ = {isa = PBXFileReference; fileEncoding = 4; lastKnownFileType = file.xib; path = MXWBookViewController.xib; sourceTree = "<group>"; };
		B157E5D91ACB4D48004E0E8C /* starOff.png */ = {isa = PBXFileReference; lastKnownFileType = image.png; path = starOff.png; sourceTree = "<group>"; };
		B157E5DA1ACB4D48004E0E8C /* starOn.png */ = {isa = PBXFileReference; lastKnownFileType = image.png; path = starOn.png; sourceTree = "<group>"; };
		B166EE841AC9FC4C003CC67D /* Header.h */ = {isa = PBXFileReference; lastKnownFileType = sourcecode.c.h; path = Header.h; sourceTree = "<group>"; };
		B17F23861AC6D34C00984AF4 /* Hbook.app */ = {isa = PBXFileReference; explicitFileType = wrapper.application; includeInIndex = 0; path = Hbook.app; sourceTree = BUILT_PRODUCTS_DIR; };
		B17F238A1AC6D34C00984AF4 /* Info.plist */ = {isa = PBXFileReference; lastKnownFileType = text.plist.xml; path = Info.plist; sourceTree = "<group>"; };
		B17F238B1AC6D34C00984AF4 /* main.m */ = {isa = PBXFileReference; lastKnownFileType = sourcecode.c.objc; path = main.m; sourceTree = "<group>"; };
		B17F238D1AC6D34C00984AF4 /* AppDelegate.h */ = {isa = PBXFileReference; lastKnownFileType = sourcecode.c.h; path = AppDelegate.h; sourceTree = "<group>"; };
		B17F238E1AC6D34C00984AF4 /* AppDelegate.m */ = {isa = PBXFileReference; lastKnownFileType = sourcecode.c.objc; path = AppDelegate.m; sourceTree = "<group>"; };
		B17F23961AC6D34C00984AF4 /* Images.xcassets */ = {isa = PBXFileReference; lastKnownFileType = folder.assetcatalog; path = Images.xcassets; sourceTree = "<group>"; };
		B17F23991AC6D34C00984AF4 /* Base */ = {isa = PBXFileReference; lastKnownFileType = file.xib; name = Base; path = Base.lproj/LaunchScreen.xib; sourceTree = "<group>"; };
		B17F239F1AC6D34C00984AF4 /* HbookTests.xctest */ = {isa = PBXFileReference; explicitFileType = wrapper.cfbundle; includeInIndex = 0; path = HbookTests.xctest; sourceTree = BUILT_PRODUCTS_DIR; };
		B17F23A41AC6D34C00984AF4 /* Info.plist */ = {isa = PBXFileReference; lastKnownFileType = text.plist.xml; path = Info.plist; sourceTree = "<group>"; };
		B17F23A51AC6D34C00984AF4 /* HbookTests.m */ = {isa = PBXFileReference; lastKnownFileType = sourcecode.c.objc; path = HbookTests.m; sourceTree = "<group>"; };
		B17F23AF1AC6D49D00984AF4 /* MXWBook.h */ = {isa = PBXFileReference; fileEncoding = 4; lastKnownFileType = sourcecode.c.h; path = MXWBook.h; sourceTree = "<group>"; };
		B17F23B01AC6D49D00984AF4 /* MXWBook.m */ = {isa = PBXFileReference; fileEncoding = 4; lastKnownFileType = sourcecode.c.objc; path = MXWBook.m; sourceTree = "<group>"; };
		B17F23B31AC6D9DB00984AF4 /* MXWLibrary.h */ = {isa = PBXFileReference; fileEncoding = 4; lastKnownFileType = sourcecode.c.h; path = MXWLibrary.h; sourceTree = "<group>"; };
		B17F23B41AC6D9DB00984AF4 /* MXWLibrary.m */ = {isa = PBXFileReference; fileEncoding = 4; lastKnownFileType = sourcecode.c.objc; path = MXWLibrary.m; sourceTree = "<group>"; };
		B1981EEB1AC86B4F004960DE /* MXWLibraryTableViewController.h */ = {isa = PBXFileReference; fileEncoding = 4; lastKnownFileType = sourcecode.c.h; path = MXWLibraryTableViewController.h; sourceTree = "<group>"; };
		B1981EEC1AC86B4F004960DE /* MXWLibraryTableViewController.m */ = {isa = PBXFileReference; fileEncoding = 4; lastKnownFileType = sourcecode.c.objc; path = MXWLibraryTableViewController.m; sourceTree = "<group>"; };
/* End PBXFileReference section */

/* Begin PBXFrameworksBuildPhase section */
		B17F23831AC6D34C00984AF4 /* Frameworks */ = {
			isa = PBXFrameworksBuildPhase;
			buildActionMask = 2147483647;
			files = (
				B150EFEB1ACD792300D18AAB /* CoreGraphics.framework in Frameworks */,
				B150EFE91ACD791600D18AAB /* Foundation.framework in Frameworks */,
				B150EFE71ACD790C00D18AAB /* UIKit.framework in Frameworks */,
				B150EFE51ACD790400D18AAB /* QuartzCore.framework in Frameworks */,
				B150EFE31ACD78F700D18AAB /* ImageIO.framework in Frameworks */,
				B150EFE11ACD78E600D18AAB /* MessageUI.framework in Frameworks */,
			);
			runOnlyForDeploymentPostprocessing = 0;
		};
		B17F239C1AC6D34C00984AF4 /* Frameworks */ = {
			isa = PBXFrameworksBuildPhase;
			buildActionMask = 2147483647;
			files = (
			);
			runOnlyForDeploymentPostprocessing = 0;
		};
/* End PBXFrameworksBuildPhase section */

/* Begin PBXGroup section */
		B150EFEC1ACD796700D18AAB /* PDF Reader */ = {
			isa = PBXGroup;
			children = (
				B150EFED1ACD79B900D18AAB /* Classes */,
				B150EFF41ACD79B900D18AAB /* Sources */,
			);
			name = "PDF Reader";
			sourceTree = "<group>";
		};
		B150EFED1ACD79B900D18AAB /* Classes */ = {
			isa = PBXGroup;
			children = (
				B150EFEE1ACD79B900D18AAB /* ReaderAppDelegate.h */,
				B150EFEF1ACD79B900D18AAB /* ReaderAppDelegate.m */,
				B150EFF01ACD79B900D18AAB /* ReaderBookDelegate.h */,
				B150EFF11ACD79B900D18AAB /* ReaderBookDelegate.m */,
				B150EFF21ACD79B900D18AAB /* ReaderDemoController.h */,
				B150EFF31ACD79B900D18AAB /* ReaderDemoController.m */,
			);
			name = Classes;
			path = ../../../KeepCodingMaster/FunadmentosiOS/Reader/Classes;
			sourceTree = "<group>";
		};
		B150EFF41ACD79B900D18AAB /* Sources */ = {
			isa = PBXGroup;
			children = (
				B150EFF51ACD79B900D18AAB /* CGPDFDocument.h */,
				B150EFF61ACD79B900D18AAB /* CGPDFDocument.m */,
				B150EFF71ACD79B900D18AAB /* ReaderConstants.h */,
				B150EFF81ACD79B900D18AAB /* ReaderConstants.m */,
				B150EFF91ACD79B900D18AAB /* ReaderContentPage.h */,
				B150EFFA1ACD79B900D18AAB /* ReaderContentPage.m */,
				B150EFFB1ACD79B900D18AAB /* ReaderContentTile.h */,
				B150EFFC1ACD79B900D18AAB /* ReaderContentTile.m */,
				B150EFFD1ACD79B900D18AAB /* ReaderContentView.h */,
				B150EFFE1ACD79B900D18AAB /* ReaderContentView.m */,
				B150EFFF1ACD79B900D18AAB /* ReaderDocument.h */,
				B150F0001ACD79B900D18AAB /* ReaderDocument.m */,
				B150F0011ACD79B900D18AAB /* ReaderDocumentOutline.h */,
				B150F0021ACD79B900D18AAB /* ReaderDocumentOutline.m */,
				B150F0031ACD79B900D18AAB /* ReaderMainPagebar.h */,
				B150F0041ACD79B900D18AAB /* ReaderMainPagebar.m */,
				B150F0051ACD79B900D18AAB /* ReaderMainToolbar.h */,
				B150F0061ACD79B900D18AAB /* ReaderMainToolbar.m */,
				B150F0071ACD79B900D18AAB /* ReaderThumbCache.h */,
				B150F0081ACD79B900D18AAB /* ReaderThumbCache.m */,
				B150F0091ACD79B900D18AAB /* ReaderThumbFetch.h */,
				B150F00A1ACD79B900D18AAB /* ReaderThumbFetch.m */,
				B150F00B1ACD79B900D18AAB /* ReaderThumbQueue.h */,
				B150F00C1ACD79B900D18AAB /* ReaderThumbQueue.m */,
				B150F00D1ACD79B900D18AAB /* ReaderThumbRender.h */,
				B150F00E1ACD79B900D18AAB /* ReaderThumbRender.m */,
				B150F00F1ACD79B900D18AAB /* ReaderThumbRequest.h */,
				B150F0101ACD79B900D18AAB /* ReaderThumbRequest.m */,
				B150F0111ACD79B900D18AAB /* ReaderThumbsView.h */,
				B150F0121ACD79B900D18AAB /* ReaderThumbsView.m */,
				B150F0131ACD79B900D18AAB /* ReaderThumbView.h */,
				B150F0141ACD79B900D18AAB /* ReaderThumbView.m */,
				B150F0151ACD79B900D18AAB /* ReaderViewController.h */,
				B150F0161ACD79B900D18AAB /* ReaderViewController.m */,
				B150F0171ACD79B900D18AAB /* ThumbsMainToolbar.h */,
				B150F0181ACD79B900D18AAB /* ThumbsMainToolbar.m */,
				B150F0191ACD79B900D18AAB /* ThumbsViewController.h */,
				B150F01A1ACD79B900D18AAB /* ThumbsViewController.m */,
				B150F01B1ACD79B900D18AAB /* UIXToolbarView.h */,
				B150F01C1ACD79B900D18AAB /* UIXToolbarView.m */,
			);
			name = Sources;
			path = ../../../KeepCodingMaster/FunadmentosiOS/Reader/Sources;
			sourceTree = "<group>";
		};
		B157E5DD1ACB4D52004E0E8C /* Images */ = {
			isa = PBXGroup;
			children = (
				B150EFDC1ACD6F6A00D18AAB /* blackpink.png */,
				B150EFDD1ACD6F6A00D18AAB /* wood.png */,
				B157E5D91ACB4D48004E0E8C /* starOff.png */,
				B157E5DA1ACB4D48004E0E8C /* starOn.png */,
			);
			name = Images;
			sourceTree = "<group>";
		};
		B17F237D1AC6D34C00984AF4 = {
			isa = PBXGroup;
			children = (
				B150EFEA1ACD792300D18AAB /* CoreGraphics.framework */,
				B150EFE81ACD791600D18AAB /* Foundation.framework */,
				B150EFE61ACD790C00D18AAB /* UIKit.framework */,
				B150EFE41ACD790400D18AAB /* QuartzCore.framework */,
				B150EFE21ACD78F700D18AAB /* ImageIO.framework */,
				B150EFE01ACD78E600D18AAB /* MessageUI.framework */,
				B17F23881AC6D34C00984AF4 /* Hbook */,
				B17F23A21AC6D34C00984AF4 /* HbookTests */,
				B17F23871AC6D34C00984AF4 /* Products */,
			);
			sourceTree = "<group>";
		};
		B17F23871AC6D34C00984AF4 /* Products */ = {
			isa = PBXGroup;
			children = (
				B17F23861AC6D34C00984AF4 /* Hbook.app */,
				B17F239F1AC6D34C00984AF4 /* HbookTests.xctest */,
			);
			name = Products;
			sourceTree = "<group>";
		};
		B17F23881AC6D34C00984AF4 /* Hbook */ = {
			isa = PBXGroup;
			children = (
				B150EFEC1ACD796700D18AAB /* PDF Reader */,
				B17F238D1AC6D34C00984AF4 /* AppDelegate.h */,
				B17F238E1AC6D34C00984AF4 /* AppDelegate.m */,
				B17F23961AC6D34C00984AF4 /* Images.xcassets */,
				B157E5DD1ACB4D52004E0E8C /* Images */,
				B17F23981AC6D34C00984AF4 /* LaunchScreen.xib */,
				B17F23891AC6D34C00984AF4 /* Supporting Files */,
				B17F23B21AC6D4A200984AF4 /* Models */,
				B1981EEE1AC86B5A004960DE /* Controllers */,
			);
			path = Hbook;
			sourceTree = "<group>";
		};
		B17F23891AC6D34C00984AF4 /* Supporting Files */ = {
			isa = PBXGroup;
			children = (
				B17F238A1AC6D34C00984AF4 /* Info.plist */,
				B17F238B1AC6D34C00984AF4 /* main.m */,
				B166EE841AC9FC4C003CC67D /* Header.h */,
			);
			name = "Supporting Files";
			sourceTree = "<group>";
		};
		B17F23A21AC6D34C00984AF4 /* HbookTests */ = {
			isa = PBXGroup;
			children = (
				B17F23A51AC6D34C00984AF4 /* HbookTests.m */,
				B17F23A31AC6D34C00984AF4 /* Supporting Files */,
			);
			path = HbookTests;
			sourceTree = "<group>";
		};
		B17F23A31AC6D34C00984AF4 /* Supporting Files */ = {
			isa = PBXGroup;
			children = (
				B17F23A41AC6D34C00984AF4 /* Info.plist */,
			);
			name = "Supporting Files";
			sourceTree = "<group>";
		};
		B17F23B21AC6D4A200984AF4 /* Models */ = {
			isa = PBXGroup;
			children = (
				B17F23AF1AC6D49D00984AF4 /* MXWBook.h */,
				B17F23B01AC6D49D00984AF4 /* MXWBook.m */,
				B17F23B31AC6D9DB00984AF4 /* MXWLibrary.h */,
				B17F23B41AC6D9DB00984AF4 /* MXWLibrary.m */,
			);
			name = Models;
			sourceTree = "<group>";
		};
		B1981EEE1AC86B5A004960DE /* Controllers */ = {
			isa = PBXGroup;
			children = (
				B1981EEB1AC86B4F004960DE /* MXWLibraryTableViewController.h */,
				B1981EEC1AC86B4F004960DE /* MXWLibraryTableViewController.m */,
				B157E5D41ACB3C1F004E0E8C /* MXWBookViewController.h */,
				B157E5D51ACB3C1F004E0E8C /* MXWBookViewController.m */,
				B157E5D61ACB3C1F004E0E8C /* MXWBookViewController.xib */,
				B150F0341ACD7CD300D18AAB /* MXWPDFViewController.h */,
				B150F0351ACD7CD300D18AAB /* MXWPDFViewController.m */,
			);
			name = Controllers;
			sourceTree = "<group>";
		};
/* End PBXGroup section */

/* Begin PBXNativeTarget section */
		B17F23851AC6D34C00984AF4 /* Hbook */ = {
			isa = PBXNativeTarget;
			buildConfigurationList = B17F23A91AC6D34C00984AF4 /* Build configuration list for PBXNativeTarget "Hbook" */;
			buildPhases = (
				B17F23821AC6D34C00984AF4 /* Sources */,
				B17F23831AC6D34C00984AF4 /* Frameworks */,
				B17F23841AC6D34C00984AF4 /* Resources */,
			);
			buildRules = (
			);
			dependencies = (
			);
			name = Hbook;
			productName = Hbook;
			productReference = B17F23861AC6D34C00984AF4 /* Hbook.app */;
			productType = "com.apple.product-type.application";
		};
		B17F239E1AC6D34C00984AF4 /* HbookTests */ = {
			isa = PBXNativeTarget;
			buildConfigurationList = B17F23AC1AC6D34C00984AF4 /* Build configuration list for PBXNativeTarget "HbookTests" */;
			buildPhases = (
				B17F239B1AC6D34C00984AF4 /* Sources */,
				B17F239C1AC6D34C00984AF4 /* Frameworks */,
				B17F239D1AC6D34C00984AF4 /* Resources */,
			);
			buildRules = (
			);
			dependencies = (
				B17F23A11AC6D34C00984AF4 /* PBXTargetDependency */,
			);
			name = HbookTests;
			productName = HbookTests;
			productReference = B17F239F1AC6D34C00984AF4 /* HbookTests.xctest */;
			productType = "com.apple.product-type.bundle.unit-test";
		};
/* End PBXNativeTarget section */

/* Begin PBXProject section */
		B17F237E1AC6D34C00984AF4 /* Project object */ = {
			isa = PBXProject;
			attributes = {
				CLASSPREFIX = MXW;
				LastUpgradeCheck = 0620;
				ORGANIZATIONNAME = maxeiware;
				TargetAttributes = {
					B17F23851AC6D34C00984AF4 = {
						CreatedOnToolsVersion = 6.2;
					};
					B17F239E1AC6D34C00984AF4 = {
						CreatedOnToolsVersion = 6.2;
						TestTargetID = B17F23851AC6D34C00984AF4;
					};
				};
			};
			buildConfigurationList = B17F23811AC6D34C00984AF4 /* Build configuration list for PBXProject "Hbook" */;
			compatibilityVersion = "Xcode 3.2";
			developmentRegion = English;
			hasScannedForEncodings = 0;
			knownRegions = (
				en,
				Base,
			);
			mainGroup = B17F237D1AC6D34C00984AF4;
			productRefGroup = B17F23871AC6D34C00984AF4 /* Products */;
			projectDirPath = "";
			projectRoot = "";
			targets = (
				B17F23851AC6D34C00984AF4 /* Hbook */,
				B17F239E1AC6D34C00984AF4 /* HbookTests */,
			);
		};
/* End PBXProject section */

/* Begin PBXResourcesBuildPhase section */
		B17F23841AC6D34C00984AF4 /* Resources */ = {
			isa = PBXResourcesBuildPhase;
			buildActionMask = 2147483647;
			files = (
				B17F239A1AC6D34C00984AF4 /* LaunchScreen.xib in Resources */,
				B157E5D81ACB3C1F004E0E8C /* MXWBookViewController.xib in Resources */,
				B17F23971AC6D34C00984AF4 /* Images.xcassets in Resources */,
				B157E5DB1ACB4D48004E0E8C /* starOff.png in Resources */,
				B157E5DC1ACB4D48004E0E8C /* starOn.png in Resources */,
				B150EFDE1ACD6F6A00D18AAB /* blackpink.png in Resources */,
				B150EFDF1ACD6F6A00D18AAB /* wood.png in Resources */,
			);
			runOnlyForDeploymentPostprocessing = 0;
		};
		B17F239D1AC6D34C00984AF4 /* Resources */ = {
			isa = PBXResourcesBuildPhase;
			buildActionMask = 2147483647;
			files = (
			);
			runOnlyForDeploymentPostprocessing = 0;
		};
/* End PBXResourcesBuildPhase section */

/* Begin PBXSourcesBuildPhase section */
		B17F23821AC6D34C00984AF4 /* Sources */ = {
			isa = PBXSourcesBuildPhase;
			buildActionMask = 2147483647;
			files = (
				B150F01E1ACD79B900D18AAB /* ReaderBookDelegate.m in Sources */,
				B150F0311ACD79B900D18AAB /* ThumbsMainToolbar.m in Sources */,
				B150F02F1ACD79B900D18AAB /* ReaderThumbView.m in Sources */,
				B150F0281ACD79B900D18AAB /* ReaderMainToolbar.m in Sources */,
				B150F0221ACD79B900D18AAB /* ReaderContentPage.m in Sources */,
				B150F0251ACD79B900D18AAB /* ReaderDocument.m in Sources */,
				B150F0231ACD79B900D18AAB /* ReaderContentTile.m in Sources */,
				B150F0261ACD79B900D18AAB /* ReaderDocumentOutline.m in Sources */,
				B150F0201ACD79B900D18AAB /* CGPDFDocument.m in Sources */,
				B150F01D1ACD79B900D18AAB /* ReaderAppDelegate.m in Sources */,
				B17F23B51AC6D9DB00984AF4 /* MXWLibrary.m in Sources */,
				B150F02B1ACD79B900D18AAB /* ReaderThumbQueue.m in Sources */,
				B17F238F1AC6D34C00984AF4 /* AppDelegate.m in Sources */,
				B150F02A1ACD79B900D18AAB /* ReaderThumbFetch.m in Sources */,
				B17F23B11AC6D49D00984AF4 /* MXWBook.m in Sources */,
				B150F0291ACD79B900D18AAB /* ReaderThumbCache.m in Sources */,
				B150F0361ACD7CD300D18AAB /* MXWPDFViewController.m in Sources */,
				B150F02E1ACD79B900D18AAB /* ReaderThumbsView.m in Sources */,
				B150F01F1ACD79B900D18AAB /* ReaderDemoController.m in Sources */,
				B150F0301ACD79B900D18AAB /* ReaderViewController.m in Sources */,
				B17F238C1AC6D34C00984AF4 /* main.m in Sources */,
				B150F0331ACD79B900D18AAB /* UIXToolbarView.m in Sources */,
				B150F0211ACD79B900D18AAB /* ReaderConstants.m in Sources */,
				B150F0241ACD79B900D18AAB /* ReaderContentView.m in Sources */,
				B150F0271ACD79B900D18AAB /* ReaderMainPagebar.m in Sources */,
				B150F02D1ACD79B900D18AAB /* ReaderThumbRequest.m in Sources */,
				B150F02C1ACD79B900D18AAB /* ReaderThumbRender.m in Sources */,
				B157E5D71ACB3C1F004E0E8C /* MXWBookViewController.m in Sources */,
				B1981EED1AC86B4F004960DE /* MXWLibraryTableViewController.m in Sources */,
				B150F0321ACD79B900D18AAB /* ThumbsViewController.m in Sources */,
			);
			runOnlyForDeploymentPostprocessing = 0;
		};
		B17F239B1AC6D34C00984AF4 /* Sources */ = {
			isa = PBXSourcesBuildPhase;
			buildActionMask = 2147483647;
			files = (
				B17F23A61AC6D34C00984AF4 /* HbookTests.m in Sources */,
			);
			runOnlyForDeploymentPostprocessing = 0;
		};
/* End PBXSourcesBuildPhase section */

/* Begin PBXTargetDependency section */
		B17F23A11AC6D34C00984AF4 /* PBXTargetDependency */ = {
			isa = PBXTargetDependency;
			target = B17F23851AC6D34C00984AF4 /* Hbook */;
			targetProxy = B17F23A01AC6D34C00984AF4 /* PBXContainerItemProxy */;
		};
/* End PBXTargetDependency section */

/* Begin PBXVariantGroup section */
		B17F23981AC6D34C00984AF4 /* LaunchScreen.xib */ = {
			isa = PBXVariantGroup;
			children = (
				B17F23991AC6D34C00984AF4 /* Base */,
			);
			name = LaunchScreen.xib;
			sourceTree = "<group>";
		};
/* End PBXVariantGroup section */

/* Begin XCBuildConfiguration section */
		B17F23A71AC6D34C00984AF4 /* Debug */ = {
			isa = XCBuildConfiguration;
			buildSettings = {
				ALWAYS_SEARCH_USER_PATHS = NO;
				CLANG_CXX_LANGUAGE_STANDARD = "gnu++0x";
				CLANG_CXX_LIBRARY = "libc++";
				CLANG_ENABLE_MODULES = YES;
				CLANG_ENABLE_OBJC_ARC = YES;
				CLANG_WARN_BOOL_CONVERSION = YES;
				CLANG_WARN_CONSTANT_CONVERSION = YES;
				CLANG_WARN_DIRECT_OBJC_ISA_USAGE = YES_ERROR;
				CLANG_WARN_EMPTY_BODY = YES;
				CLANG_WARN_ENUM_CONVERSION = YES;
				CLANG_WARN_INT_CONVERSION = YES;
				CLANG_WARN_OBJC_ROOT_CLASS = YES_ERROR;
				CLANG_WARN_UNREACHABLE_CODE = YES;
				CLANG_WARN__DUPLICATE_METHOD_MATCH = YES;
				"CODE_SIGN_IDENTITY[sdk=iphoneos*]" = "iPhone Developer";
				COPY_PHASE_STRIP = NO;
				ENABLE_STRICT_OBJC_MSGSEND = YES;
				GCC_C_LANGUAGE_STANDARD = gnu99;
				GCC_DYNAMIC_NO_PIC = NO;
				GCC_OPTIMIZATION_LEVEL = 0;
				GCC_PREPROCESSOR_DEFINITIONS = (
					"DEBUG=1",
					"$(inherited)",
				);
				GCC_SYMBOLS_PRIVATE_EXTERN = NO;
				GCC_WARN_64_TO_32_BIT_CONVERSION = YES;
				GCC_WARN_ABOUT_RETURN_TYPE = YES_ERROR;
				GCC_WARN_UNDECLARED_SELECTOR = YES;
				GCC_WARN_UNINITIALIZED_AUTOS = YES_AGGRESSIVE;
				GCC_WARN_UNUSED_FUNCTION = YES;
				GCC_WARN_UNUSED_VARIABLE = YES;
				IPHONEOS_DEPLOYMENT_TARGET = 8.2;
				MTL_ENABLE_DEBUG_INFO = YES;
				ONLY_ACTIVE_ARCH = YES;
				SDKROOT = iphoneos;
				TARGETED_DEVICE_FAMILY = "1,2";
			};
			name = Debug;
		};
		B17F23A81AC6D34C00984AF4 /* Release */ = {
			isa = XCBuildConfiguration;
			buildSettings = {
				ALWAYS_SEARCH_USER_PATHS = NO;
				CLANG_CXX_LANGUAGE_STANDARD = "gnu++0x";
				CLANG_CXX_LIBRARY = "libc++";
				CLANG_ENABLE_MODULES = YES;
				CLANG_ENABLE_OBJC_ARC = YES;
				CLANG_WARN_BOOL_CONVERSION = YES;
				CLANG_WARN_CONSTANT_CONVERSION = YES;
				CLANG_WARN_DIRECT_OBJC_ISA_USAGE = YES_ERROR;
				CLANG_WARN_EMPTY_BODY = YES;
				CLANG_WARN_ENUM_CONVERSION = YES;
				CLANG_WARN_INT_CONVERSION = YES;
				CLANG_WARN_OBJC_ROOT_CLASS = YES_ERROR;
				CLANG_WARN_UNREACHABLE_CODE = YES;
				CLANG_WARN__DUPLICATE_METHOD_MATCH = YES;
				"CODE_SIGN_IDENTITY[sdk=iphoneos*]" = "iPhone Developer";
				COPY_PHASE_STRIP = NO;
				ENABLE_NS_ASSERTIONS = NO;
				ENABLE_STRICT_OBJC_MSGSEND = YES;
				GCC_C_LANGUAGE_STANDARD = gnu99;
				GCC_WARN_64_TO_32_BIT_CONVERSION = YES;
				GCC_WARN_ABOUT_RETURN_TYPE = YES_ERROR;
				GCC_WARN_UNDECLARED_SELECTOR = YES;
				GCC_WARN_UNINITIALIZED_AUTOS = YES_AGGRESSIVE;
				GCC_WARN_UNUSED_FUNCTION = YES;
				GCC_WARN_UNUSED_VARIABLE = YES;
				IPHONEOS_DEPLOYMENT_TARGET = 8.2;
				MTL_ENABLE_DEBUG_INFO = NO;
				SDKROOT = iphoneos;
				TARGETED_DEVICE_FAMILY = "1,2";
				VALIDATE_PRODUCT = YES;
			};
			name = Release;
		};
		B17F23AA1AC6D34C00984AF4 /* Debug */ = {
			isa = XCBuildConfiguration;
			buildSettings = {
				ASSETCATALOG_COMPILER_APPICON_NAME = AppIcon;
				CLANG_ENABLE_OBJC_ARC = YES;
				INFOPLIST_FILE = Hbook/Info.plist;
				LD_RUNPATH_SEARCH_PATHS = "$(inherited) @executable_path/Frameworks";
				PRODUCT_NAME = "$(TARGET_NAME)";
			};
			name = Debug;
		};
		B17F23AB1AC6D34C00984AF4 /* Release */ = {
			isa = XCBuildConfiguration;
			buildSettings = {
				ASSETCATALOG_COMPILER_APPICON_NAME = AppIcon;
				CLANG_ENABLE_OBJC_ARC = YES;
				INFOPLIST_FILE = Hbook/Info.plist;
				LD_RUNPATH_SEARCH_PATHS = "$(inherited) @executable_path/Frameworks";
				PRODUCT_NAME = "$(TARGET_NAME)";
			};
			name = Release;
		};
		B17F23AD1AC6D34C00984AF4 /* Debug */ = {
			isa = XCBuildConfiguration;
			buildSettings = {
				BUNDLE_LOADER = "$(TEST_HOST)";
				FRAMEWORK_SEARCH_PATHS = (
					"$(SDKROOT)/Developer/Library/Frameworks",
					"$(inherited)",
				);
				GCC_PREPROCESSOR_DEFINITIONS = (
					"DEBUG=1",
					"$(inherited)",
				);
				INFOPLIST_FILE = HbookTests/Info.plist;
				LD_RUNPATH_SEARCH_PATHS = "$(inherited) @executable_path/Frameworks @loader_path/Frameworks";
				PRODUCT_NAME = "$(TARGET_NAME)";
				TEST_HOST = "$(BUILT_PRODUCTS_DIR)/Hbook.app/Hbook";
			};
			name = Debug;
		};
		B17F23AE1AC6D34C00984AF4 /* Release */ = {
			isa = XCBuildConfiguration;
			buildSettings = {
				BUNDLE_LOADER = "$(TEST_HOST)";
				FRAMEWORK_SEARCH_PATHS = (
					"$(SDKROOT)/Developer/Library/Frameworks",
					"$(inherited)",
				);
				INFOPLIST_FILE = HbookTests/Info.plist;
				LD_RUNPATH_SEARCH_PATHS = "$(inherited) @executable_path/Frameworks @loader_path/Frameworks";
				PRODUCT_NAME = "$(TARGET_NAME)";
				TEST_HOST = "$(BUILT_PRODUCTS_DIR)/Hbook.app/Hbook";
			};
			name = Release;
		};
/* End XCBuildConfiguration section */

/* Begin XCConfigurationList section */
		B17F23811AC6D34C00984AF4 /* Build configuration list for PBXProject "Hbook" */ = {
			isa = XCConfigurationList;
			buildConfigurations = (
				B17F23A71AC6D34C00984AF4 /* Debug */,
				B17F23A81AC6D34C00984AF4 /* Release */,
			);
			defaultConfigurationIsVisible = 0;
			defaultConfigurationName = Release;
		};
		B17F23A91AC6D34C00984AF4 /* Build configuration list for PBXNativeTarget "Hbook" */ = {
			isa = XCConfigurationList;
			buildConfigurations = (
				B17F23AA1AC6D34C00984AF4 /* Debug */,
				B17F23AB1AC6D34C00984AF4 /* Release */,
			);
			defaultConfigurationIsVisible = 0;
			defaultConfigurationName = Release;
		};
		B17F23AC1AC6D34C00984AF4 /* Build configuration list for PBXNativeTarget "HbookTests" */ = {
			isa = XCConfigurationList;
			buildConfigurations = (
				B17F23AD1AC6D34C00984AF4 /* Debug */,
				B17F23AE1AC6D34C00984AF4 /* Release */,
			);
			defaultConfigurationIsVisible = 0;
			defaultConfigurationName = Release;
		};
/* End XCConfigurationList section */
	};
	rootObject = B17F237E1AC6D34C00984AF4 /* Project object */;
}
